{
  "packages": {
    "Aspose.Cells": {
      "version": "26.4.0",
      "sha256": "68692b88f4b5c395ea00ad20b5a96a176fc1eb39085e0dffae4ac41e280e6ac6",
      "source_url": "https://api.nuget.org/v3-flatcontainer/aspose.cells/26.4.0/aspose.cells.26.4.0.nupkg"
    },
    "System.Text.Encoding.CodePages": {
      "version": "4.7.0",
      "sha256": "ff02e3de672649c1400fff5cc662b24277dd6da17d32bfe5a42b84b0c6abca03",
      "source_url": "https://api.nuget.org/v3-flatcontainer/system.text.encoding.codepages/4.7.0/system.text.encoding.codepages.4.7.0.nupkg",
      "is_dependency": true
    },
    "System.Runtime.CompilerServices.Unsafe": {
      "version": "4.7.0",
      "sha256": "a4e453845a3ce4ff13ae67d90823c85f2b153dc5769d6f214653bacf88d5269b",
      "source_url": "https://api.nuget.org/v3-flatcontainer/system.runtime.compilerservices.unsafe/4.7.0/system.runtime.compilerservices.unsafe.4.7.0.nupkg",
      "is_dependency": true
    },
    "System.Drawing.Common": {
      "version": "5.0.3",
      "sha256": "9ebd5b489a0603dec87eb4104f26a4548c77af46e9a197eceb1b6b0e0bc4dbe6",
      "source_url": "https://api.nuget.org/v3-flatcontainer/system.drawing.common/5.0.3/system.drawing.common.5.0.3.nupkg",
      "is_dependency": true
    },
    "System.Security.Cryptography.Pkcs": {
      "version": "6.0.5",
      "sha256": "f5fb66f9ad69bff597725fa33fc2d233f3d127292b8c94625db4edc06bd3fb1f",
      "source_url": "https://api.nuget.org/v3-flatcontainer/system.security.cryptography.pkcs/6.0.5/system.security.cryptography.pkcs.6.0.5.nupkg",
      "is_dependency": true
    },
    "System.Formats.Asn1": {
      "version": "6.0.1",
      "sha256": "81f1b171a5a954ef76049ae5db8a578b4f4a4a05b6ad2cb71c6bf4f95f211a0a",
      "source_url": "https://api.nuget.org/v3-flatcontainer/system.formats.asn1/6.0.1/system.formats.asn1.6.0.1.nupkg",
      "is_dependency": true
    },
    "System.Buffers": {
      "version": "4.5.1",
      "sha256": "c30b3dd2c7e2f4cee4b823d692fd42118309b42ab1f5007f923d329a5b0d6b12",
      "source_url": "https://api.nuget.org/v3-flatcontainer/system.buffers/4.5.1/system.buffers.4.5.1.nupkg",
      "is_dependency": true
    },
    "System.Memory": {
      "version": "4.5.4",
      "sha256": "dec0847f33b8823e4260672d97d657411461c00ada3107ec7bbcb32a845eeb91",
      "source_url": "https://api.nuget.org/v3-flatcontainer/system.memory/4.5.4/system.memory.4.5.4.nupkg",
      "is_dependency": true
    },
    "System.Security.Cryptography.Cng": {
      "version": "5.0.0",
      "sha256": "9ce24fdef76641a600d3b4c8dfbdcebd95fab96b211138a9be2e4aa4bee8131a",
      "source_url": "https://api.nuget.org/v3-flatcontainer/system.security.cryptography.cng/5.0.0/system.security.cryptography.cng.5.0.0.nupkg",
      "is_dependency": true
    }
  }
}