{
  "packages": {
    "Aspose.Words": {
      "version": "26.5.0",
      "sha256": "40c9793ca2dd238fea533e6e3a66301dc9ccf56c7a19a6ba9688e9eb3fccc495",
      "source_url": "https://api.nuget.org/v3-flatcontainer/aspose.words/26.5.0/aspose.words.26.5.0.nupkg"
    },
    "System.Text.Encoding.CodePages": {
      "version": "7.0.0",
      "sha256": "782293570ba60f4e7564472825c0d54469c8180b04bcaa5f1f7c9d2a5b87c66a",
      "source_url": "https://api.nuget.org/v3-flatcontainer/system.text.encoding.codepages/7.0.0/system.text.encoding.codepages.7.0.0.nupkg",
      "is_dependency": true
    },
    "System.Memory": {
      "version": "4.5.4",
      "sha256": "dec0847f33b8823e4260672d97d657411461c00ada3107ec7bbcb32a845eeb91",
      "source_url": "https://api.nuget.org/v3-flatcontainer/system.memory/4.5.4/system.memory.4.5.4.nupkg",
      "is_dependency": true
    },
    "System.Runtime.CompilerServices.Unsafe": {
      "version": "6.0.0",
      "sha256": "6c41b53e70e9eee298cff3a02ce5acdd15b04125589be0273f0566026720a762",
      "source_url": "https://api.nuget.org/v3-flatcontainer/system.runtime.compilerservices.unsafe/6.0.0/system.runtime.compilerservices.unsafe.6.0.0.nupkg",
      "is_dependency": true
    },
    "System.Reflection.Emit": {
      "version": "4.7.0",
      "sha256": "170fc24910fec1a8c7d4ca9f292dd0fec22b507ec63782be17e0f1ebc50f3488",
      "source_url": "https://api.nuget.org/v3-flatcontainer/system.reflection.emit/4.7.0/system.reflection.emit.4.7.0.nupkg",
      "is_dependency": true
    },
    "System.Reflection.Emit.ILGeneration": {
      "version": "4.7.0",
      "sha256": "1949d0786a3f0edbd9550a459c4486abb949723077d3f2a70d8eca7761bf1251",
      "source_url": "https://api.nuget.org/v3-flatcontainer/system.reflection.emit.ilgeneration/4.7.0/system.reflection.emit.ilgeneration.4.7.0.nupkg",
      "is_dependency": true
    },
    "Microsoft.Extensions.DependencyInjection": {
      "version": "6.0.2",
      "sha256": "72f790dd039838c8bcf83569b27b84f6a5bc1eb35fa45c915931ea8a61552f8f",
      "source_url": "https://api.nuget.org/v3-flatcontainer/microsoft.extensions.dependencyinjection/6.0.2/microsoft.extensions.dependencyinjection.6.0.2.nupkg",
      "is_dependency": true
    },
    "Microsoft.Bcl.AsyncInterfaces": {
      "version": "6.0.0",
      "sha256": "e3df87fe2170a7e01f0880af59caa8f6eb380b3c40a4f282dfb43912aaf0f895",
      "source_url": "https://api.nuget.org/v3-flatcontainer/microsoft.bcl.asyncinterfaces/6.0.0/microsoft.bcl.asyncinterfaces.6.0.0.nupkg",
      "is_dependency": true
    },
    "Microsoft.Extensions.DependencyInjection.Abstractions": {
      "version": "6.0.0",
      "sha256": "49991ed2334a22a26fbee91db5af8c808946b2b3f611d3e4912f257cb83b26ee",
      "source_url": "https://api.nuget.org/v3-flatcontainer/microsoft.extensions.dependencyinjection.abstractions/6.0.0/microsoft.extensions.dependencyinjection.abstractions.6.0.0.nupkg",
      "is_dependency": true
    },
    "System.Threading.Tasks.Extensions": {
      "version": "4.5.4",
      "sha256": "a304a963cc0796c5179f9c6b7d8022bbce3b2fa7c029eb6196f631f7b462d678",
      "source_url": "https://api.nuget.org/v3-flatcontainer/system.threading.tasks.extensions/4.5.4/system.threading.tasks.extensions.4.5.4.nupkg",
      "is_dependency": true
    },
    "Microsoft.Win32.Registry": {
      "version": "5.0.0",
      "sha256": "f64ca53c67ca65ce7cc85a8d29aefbb2da2672836731e1115e8cd62730dc5080",
      "source_url": "https://api.nuget.org/v3-flatcontainer/microsoft.win32.registry/5.0.0/microsoft.win32.registry.5.0.0.nupkg",
      "is_dependency": true
    },
    "System.Buffers": {
      "version": "4.5.1",
      "sha256": "c30b3dd2c7e2f4cee4b823d692fd42118309b42ab1f5007f923d329a5b0d6b12",
      "source_url": "https://api.nuget.org/v3-flatcontainer/system.buffers/4.5.1/system.buffers.4.5.1.nupkg",
      "is_dependency": true
    },
    "System.Security.AccessControl": {
      "version": "5.0.0",
      "sha256": "b9e486f989fcd9ebf1c86067138f4de03fa780e0c35e0a2b9e506d4373a6c39e",
      "source_url": "https://api.nuget.org/v3-flatcontainer/system.security.accesscontrol/5.0.0/system.security.accesscontrol.5.0.0.nupkg",
      "is_dependency": true
    },
    "System.Security.Principal.Windows": {
      "version": "5.0.0",
      "sha256": "081390c25f6f78592b28ada853c24514488a221fe9f9a24efaaf5373643ff3d6",
      "source_url": "https://api.nuget.org/v3-flatcontainer/system.security.principal.windows/5.0.0/system.security.principal.windows.5.0.0.nupkg",
      "is_dependency": true
    },
    "SkiaSharp": {
      "version": "3.119.0",
      "sha256": "1ba4f41385a5f4d5bd9bff475b5469a6ec6ce62729d38bafaa463e26efefbf33",
      "source_url": "https://api.nuget.org/v3-flatcontainer/skiasharp/3.119.0/skiasharp.3.119.0.nupkg",
      "is_dependency": true
    },
    "SkiaSharp.NativeAssets.macOS": {
      "version": "3.119.0",
      "sha256": "04f910e614832b835a977ebedf500002911b0c7f857706629395b6daf6265432",
      "source_url": "https://api.nuget.org/v3-flatcontainer/skiasharp.nativeassets.macos/3.119.0/skiasharp.nativeassets.macos.3.119.0.nupkg",
      "is_dependency": true
    },
    "SkiaSharp.NativeAssets.Win32": {
      "version": "3.119.0",
      "sha256": "625b6c05100357b6f7a8bdff62b806d864f026bf0f2f549379a8a641a812003a",
      "source_url": "https://api.nuget.org/v3-flatcontainer/skiasharp.nativeassets.win32/3.119.0/skiasharp.nativeassets.win32.3.119.0.nupkg",
      "is_dependency": true
    }
  }
}